// !$*UTF8*$!
{
	archiveVersion = 1;
	classes = {
	};
	objectVersion = 46;
	objects = {

/* Begin PBXBuildFile section */
		96868ED91CE3994300CF7B1B /* AppDelegate.swift in Sources */ = {isa = PBXBuildFile; fileRef = 96868ED81CE3994300CF7B1B /* AppDelegate.swift */; };
		96868EDB1CE3994300CF7B1B /* ViewController.swift in Sources */ = {isa = PBXBuildFile; fileRef = 96868EDA1CE3994300CF7B1B /* ViewController.swift */; };
		96868EDE1CE3994300CF7B1B /* Main.storyboard in Resources */ = {isa = PBXBuildFile; fileRef = 96868EDC1CE3994300CF7B1B /* Main.storyboard */; };
		96868EE01CE3994300CF7B1B /* Assets.xcassets in Resources */ = {isa = PBXBuildFile; fileRef = 96868EDF1CE3994300CF7B1B /* Assets.xcassets */; };
		96868EE31CE3994300CF7B1B /* LaunchScreen.storyboard in Resources */ = {isa = PBXBuildFile; fileRef = 96868EE11CE3994300CF7B1B /* LaunchScreen.storyboard */; };
		96868EEB1CE3996A00CF7B1B /* Vehicle.swift in Sources */ = {isa = PBXBuildFile; fileRef = 96868EEA1CE3996A00CF7B1B /* Vehicle.swift */; };
/* End PBXBuildFile section */

/* Begin PBXFileReference section */
		96868ED51CE3994200CF7B1B /* experimenting-with-classes.app */ = {isa = PBXFileReference; explicitFileType = wrapper.application; includeInIndex = 0; path = "experimenting-with-classes.app"; sourceTree = BUILT_PRODUCTS_DIR; };
		96868ED81CE3994300CF7B1B /* AppDelegate.swift */ = {isa = PBXFileReference; lastKnownFileType = sourcecode.swift; path = AppDelegate.swift; sourceTree = "<group>"; };
		96868EDA1CE3994300CF7B1B /* ViewController.swift */ = {isa = PBXFileReference; lastKnownFileType = sourcecode.swift; path = ViewController.swift; sourceTree = "<group>"; };
		96868EDD1CE3994300CF7B1B /* Base */ = {isa = PBXFileReference; lastKnownFileType = file.storyboard; name = Base; path = Base.lproj/Main.storyboard; sourceTree = "<group>"; };
		96868EDF1CE3994300CF7B1B /* Assets.xcassets */ = {isa = PBXFileReference; lastKnownFileType = folder.assetcatalog; path = Assets.xcassets; sourceTree = "<group>"; };
		96868EE21CE3994300CF7B1B /* Base */ = {isa = PBXFileReference; lastKnownFileType = file.storyboard; name = Base; path = Base.lproj/LaunchScreen.storyboard; sourceTree = "<group>"; };
		96868EE41CE3994300CF7B1B /* Info.plist */ = {isa = PBXFileReference; lastKnownFileType = text.plist.xml; path = Info.plist; sourceTree = "<group>"; };
		96868EEA1CE3996A00CF7B1B /* Vehicle.swift */ = {isa = PBXFileReference; fileEncoding = 4; lastKnownFileType = sourcecode.swift; path = Vehicle.swift; sourceTree = "<group>"; };
/* End PBXFileReference section */

/* Begin PBXFrameworksBuildPhase section */
		96868ED21CE3994200CF7B1B /* Frameworks */ = {
			isa = PBXFrameworksBuildPhase;
			buildActionMask = 2147483647;
			files = (
			);
			runOnlyForDeploymentPostprocessing = 0;
		};
/* End PBXFrameworksBuildPhase section */

/* Begin PBXGroup section */
		96868ECC1CE3994200CF7B1B = {
			isa = PBXGroup;
			children = (
				96868ED71CE3994300CF7B1B /* experimenting-with-classes */,
				96868ED61CE3994200CF7B1B /* Products */,
			);
			sourceTree = "<group>";
		};
		96868ED61CE3994200CF7B1B /* Products */ = {
			isa = PBXGroup;
			children = (
				96868ED51CE3994200CF7B1B /* experimenting-with-classes.app */,
			);
			name = Products;
			sourceTree = "<group>";
		};
		96868ED71CE3994300CF7B1B /* experimenting-with-classes */ = {
			isa = PBXGroup;
			children = (
				96868ED81CE3994300CF7B1B /* AppDelegate.swift */,
				96868EDA1CE3994300CF7B1B /* ViewController.swift */,
				96868EDC1CE3994300CF7B1B /* Main.storyboard */,
				96868EDF1CE3994300CF7B1B /* Assets.xcassets */,
				96868EE11CE3994300CF7B1B /* LaunchScreen.storyboard */,
				96868EE41CE3994300CF7B1B /* Info.plist */,
				96868EEA1CE3996A00CF7B1B /* Vehicle.swift */,
			);
			path = "experimenting-with-classes";
			sourceTree = "<group>";
		};
/* End PBXGroup section */

/* Begin PBXNativeTarget section */
		96868ED41CE3994200CF7B1B /* experimenting-with-classes */ = {
			isa = PBXNativeTarget;
			buildConfigurationList = 96868EE71CE3994300CF7B1B /* Build configuration list for PBXNativeTarget "experimenting-with-classes" */;
			buildPhases = (
				96868ED11CE3994200CF7B1B /* Sources */,
				96868ED21CE3994200CF7B1B /* Frameworks */,
				96868ED31CE3994200CF7B1B /* Resources */,
			);
			buildRules = (
			);
			dependencies = (
			);
			name = "experimenting-with-classes";
			productName = "experimenting-with-classes";
			productReference = 96868ED51CE3994200CF7B1B /* experimenting-with-classes.app */;
			productType = "com.apple.product-type.application";
		};
/* End PBXNativeTarget section */

/* Begin PBXProject section */
		96868ECD1CE3994200CF7B1B /* Project object */ = {
			isa = PBXProject;
			attributes = {
				LastSwiftUpdateCheck = 0730;
				LastUpgradeCheck = 0730;
				ORGANIZATIONNAME = "Jim Veneskey";
				TargetAttributes = {
					96868ED41CE3994200CF7B1B = {
						CreatedOnToolsVersion = 7.3.1;
					};
				};
			};
			buildConfigurationList = 96868ED01CE3994200CF7B1B /* Build configuration list for PBXProject "experimenting-with-classes" */;
			compatibilityVersion = "Xcode 3.2";
			developmentRegion = English;
			hasScannedForEncodings = 0;
			knownRegions = (
				en,
				Base,
			);
			mainGroup = 96868ECC1CE3994200CF7B1B;
			productRefGroup = 96868ED61CE3994200CF7B1B /* Products */;
			projectDirPath = "";
			projectRoot = "";
			targets = (
				96868ED41CE3994200CF7B1B /* experimenting-with-classes */,
			);
		};
/* End PBXProject section */

/* Begin PBXResourcesBuildPhase section */
		96868ED31CE3994200CF7B1B /* Resources */ = {
			isa = PBXResourcesBuildPhase;
			buildActionMask = 2147483647;
			files = (
				96868EE31CE3994300CF7B1B /* LaunchScreen.storyboard in Resources */,
				96868EE01CE3994300CF7B1B /* Assets.xcassets in Resources */,
				96868EDE1CE3994300CF7B1B /* Main.storyboard in Resources */,
			);
			runOnlyForDeploymentPostprocessing = 0;
		};
/* End PBXResourcesBuildPhase section */

/* Begin PBXSourcesBuildPhase section */
		96868ED11CE3994200CF7B1B /* Sources */ = {
			isa = PBXSourcesBuildPhase;
			buildActionMask = 2147483647;
			files = (
				96868EEB1CE3996A00CF7B1B /* Vehicle.swift in Sources */,
				96868EDB1CE3994300CF7B1B /* ViewController.swift in Sources */,
				96868ED91CE3994300CF7B1B /* AppDelegate.swift in Sources */,
			);
			runOnlyForDeploymentPostprocessing = 0;
		};
/* End PBXSourcesBuildPhase section */

/* Begin PBXVariantGroup section */
		96868EDC1CE3994300CF7B1B /* Main.storyboard */ = {
			isa = PBXVariantGroup;
			children = (
				96868EDD1CE3994300CF7B1B /* Base */,
			);
			name = Main.storyboard;
			sourceTree = "<group>";
		};
		96868EE11CE3994300CF7B1B /* LaunchScreen.storyboard */ = {
			isa = PBXVariantGroup;
			children = (
				96868EE21CE3994300CF7B1B /* Base */,
			);
			name = LaunchScreen.storyboard;
			sourceTree = "<group>";
		};
/* End PBXVariantGroup section */

/* Begin XCBuildConfiguration section */
		96868EE51CE3994300CF7B1B /* Debug */ = {
			isa = XCBuildConfiguration;
			buildSettings = {
				ALWAYS_SEARCH_USER_PATHS = NO;
				CLANG_ANALYZER_NONNULL = YES;
				CLANG_CXX_LANGUAGE_STANDARD = "gnu++0x";
				CLANG_CXX_LIBRARY = "libc++";
				CLANG_ENABLE_MODULES = YES;
				CLANG_ENABLE_OBJC_ARC = YES;
				CLANG_WARN_BOOL_CONVERSION = YES;
				CLANG_WARN_CONSTANT_CONVERSION = YES;
				CLANG_WARN_DIRECT_OBJC_ISA_USAGE = YES_ERROR;
				CLANG_WARN_EMPTY_BODY = YES;
				CLANG_WARN_ENUM_CONVERSION = YES;
				CLANG_WARN_INT_CONVERSION = YES;
				CLANG_WARN_OBJC_ROOT_CLASS = YES_ERROR;
				CLANG_WARN_UNREACHABLE_CODE = YES;
				CLANG_WARN__DUPLICATE_METHOD_MATCH = YES;
				"CODE_SIGN_IDENTITY[sdk=iphoneos*]" = "iPhone Developer";
				COPY_PHASE_STRIP = NO;
				DEBUG_INFORMATION_FORMAT = dwarf;
				ENABLE_STRICT_OBJC_MSGSEND = YES;
				ENABLE_TESTABILITY = YES;
				GCC_C_LANGUAGE_STANDARD = gnu99;
				GCC_DYNAMIC_NO_PIC = NO;
				GCC_NO_COMMON_BLOCKS = YES;
				GCC_OPTIMIZATION_LEVEL = 0;
				GCC_PREPROCESSOR_DEFINITIONS = (
					"DEBUG=1",
					"$(inherited)",
				);
				GCC_WARN_64_TO_32_BIT_CONVERSION = YES;
				GCC_WARN_ABOUT_RETURN_TYPE = YES_ERROR;
				GCC_WARN_UNDECLARED_SELECTOR = YES;
				GCC_WARN_UNINITIALIZED_AUTOS = YES_AGGRESSIVE;
				GCC_WARN_UNUSED_FUNCTION = YES;
				GCC_WARN_UNUSED_VARIABLE = YES;
				IPHONEOS_DEPLOYMENT_TARGET = 9.3;
				MTL_ENABLE_DEBUG_INFO = YES;
				ONLY_ACTIVE_ARCH = YES;
				SDKROOT = iphoneos;
				SWIFT_OPTIMIZATION_LEVEL = "-Onone";
			};
			name = Debug;
		};
		96868EE61CE3994300CF7B1B /* Release */ = {
			isa = XCBuildConfiguration;
			buildSettings = {
				ALWAYS_SEARCH_USER_PATHS = NO;
				CLANG_ANALYZER_NONNULL = YES;
				CLANG_CXX_LANGUAGE_STANDARD = "gnu++0x";
				CLANG_CXX_LIBRARY = "libc++";
				CLANG_ENABLE_MODULES = YES;
				CLANG_ENABLE_OBJC_ARC = YES;
				CLANG_WARN_BOOL_CONVERSION = YES;
				CLANG_WARN_CONSTANT_CONVERSION = YES;
				CLANG_WARN_DIRECT_OBJC_ISA_USAGE = YES_ERROR;
				CLANG_WARN_EMPTY_BODY = YES;
				CLANG_WARN_ENUM_CONVERSION = YES;
				CLANG_WARN_INT_CONVERSION = YES;
				CLANG_WARN_OBJC_ROOT_CLASS = YES_ERROR;
				CLANG_WARN_UNREACHABLE_CODE = YES;
				CLANG_WARN__DUPLICATE_METHOD_MATCH = YES;
				"CODE_SIGN_IDENTITY[sdk=iphoneos*]" = "iPhone Developer";
				COPY_PHASE_STRIP = NO;
				DEBUG_INFORMATION_FORMAT = "dwarf-with-dsym";
				ENABLE_NS_ASSERTIONS = NO;
				ENABLE_STRICT_OBJC_MSGSEND = YES;
				GCC_C_LANGUAGE_STANDARD = gnu99;
				GCC_NO_COMMON_BLOCKS = YES;
				GCC_WARN_64_TO_32_BIT_CONVERSION = YES;
				GCC_WARN_ABOUT_RETURN_TYPE = YES_ERROR;
				GCC_WARN_UNDECLARED_SELECTOR = YES;
				GCC_WARN_UNINITIALIZED_AUTOS = YES_AGGRESSIVE;
				GCC_WARN_UNUSED_FUNCTION = YES;
				GCC_WARN_UNUSED_VARIABLE = YES;
				IPHONEOS_DEPLOYMENT_TARGET = 9.3;
				MTL_ENABLE_DEBUG_INFO = NO;
				SDKROOT = iphoneos;
				VALIDATE_PRODUCT = YES;
			};
			name = Release;
		};
		96868EE81CE3994300CF7B1B /* Debug */ = {
			isa = XCBuildConfiguration;
			buildSettings = {
				ASSETCATALOG_COMPILER_APPICON_NAME = AppIcon;
				INFOPLIST_FILE = "experimenting-with-classes/Info.plist";
				LD_RUNPATH_SEARCH_PATHS = "$(inherited) @executable_path/Frameworks";
				PRODUCT_BUNDLE_IDENTIFIER = "com.strifecrafter.experimenting-with-classes";
				PRODUCT_NAME = "$(TARGET_NAME)";
			};
			name = Debug;
		};
		96868EE91CE3994300CF7B1B /* Release */ = {
			isa = XCBuildConfiguration;
			buildSettings = {
				ASSETCATALOG_COMPILER_APPICON_NAME = AppIcon;
				INFOPLIST_FILE = "experimenting-with-classes/Info.plist";
				LD_RUNPATH_SEARCH_PATHS = "$(inherited) @executable_path/Frameworks";
				PRODUCT_BUNDLE_IDENTIFIER = "com.strifecrafter.experimenting-with-classes";
				PRODUCT_NAME = "$(TARGET_NAME)";
			};
			name = Release;
		};
/* End XCBuildConfiguration section */

/* Begin XCConfigurationList section */
		96868ED01CE3994200CF7B1B /* Build configuration list for PBXProject "experimenting-with-classes" */ = {
			isa = XCConfigurationList;
			buildConfigurations = (
				96868EE51CE3994300CF7B1B /* Debug */,
				96868EE61CE3994300CF7B1B /* Release */,
			);
			defaultConfigurationIsVisible = 0;
			defaultConfigurationName = Release;
		};
		96868EE71CE3994300CF7B1B /* Build configuration list for PBXNativeTarget "experimenting-with-classes" */ = {
			isa = XCConfigurationList;
			buildConfigurations = (
				96868EE81CE3994300CF7B1B /* Debug */,
				96868EE91CE3994300CF7B1B /* Release */,
			);
			defaultConfigurationIsVisible = 0;
		};
/* End XCConfigurationList section */
	};
	rootObject = 96868ECD1CE3994200CF7B1B /* Project object */;
}
