// !$*UTF8*$!
{
	archiveVersion = 1;
	classes = {
	};
	objectVersion = 46;
	objects = {

/* Begin PBXBuildFile section */
		9684D4C21D3949A90037967E /* AppDelegate.swift in Sources */ = {isa = PBXBuildFile; fileRef = 9684D4C11D3949A90037967E /* AppDelegate.swift */; };
		9684D4C41D3949A90037967E /* ViewController.swift in Sources */ = {isa = PBXBuildFile; fileRef = 9684D4C31D3949A90037967E /* ViewController.swift */; };
		9684D4C71D3949A90037967E /* Main.storyboard in Resources */ = {isa = PBXBuildFile; fileRef = 9684D4C51D3949A90037967E /* Main.storyboard */; };
		9684D4C91D3949A90037967E /* Assets.xcassets in Resources */ = {isa = PBXBuildFile; fileRef = 9684D4C81D3949A90037967E /* Assets.xcassets */; };
		9684D4CC1D3949A90037967E /* LaunchScreen.storyboard in Resources */ = {isa = PBXBuildFile; fileRef = 9684D4CA1D3949A90037967E /* LaunchScreen.storyboard */; };
		9684D4D41D394BA00037967E /* YellowVC.swift in Sources */ = {isa = PBXBuildFile; fileRef = 9684D4D31D394BA00037967E /* YellowVC.swift */; };
		9684D4D61D394D200037967E /* BlueVC.swift in Sources */ = {isa = PBXBuildFile; fileRef = 9684D4D51D394D200037967E /* BlueVC.swift */; };
/* End PBXBuildFile section */

/* Begin PBXFileReference section */
		9684D4BE1D3949A90037967E /* nav-controller.app */ = {isa = PBXFileReference; explicitFileType = wrapper.application; includeInIndex = 0; path = "nav-controller.app"; sourceTree = BUILT_PRODUCTS_DIR; };
		9684D4C11D3949A90037967E /* AppDelegate.swift */ = {isa = PBXFileReference; lastKnownFileType = sourcecode.swift; path = AppDelegate.swift; sourceTree = "<group>"; };
		9684D4C31D3949A90037967E /* ViewController.swift */ = {isa = PBXFileReference; lastKnownFileType = sourcecode.swift; path = ViewController.swift; sourceTree = "<group>"; };
		9684D4C61D3949A90037967E /* Base */ = {isa = PBXFileReference; lastKnownFileType = file.storyboard; name = Base; path = Base.lproj/Main.storyboard; sourceTree = "<group>"; };
		9684D4C81D3949A90037967E /* Assets.xcassets */ = {isa = PBXFileReference; lastKnownFileType = folder.assetcatalog; path = Assets.xcassets; sourceTree = "<group>"; };
		9684D4CB1D3949A90037967E /* Base */ = {isa = PBXFileReference; lastKnownFileType = file.storyboard; name = Base; path = Base.lproj/LaunchScreen.storyboard; sourceTree = "<group>"; };
		9684D4CD1D3949A90037967E /* Info.plist */ = {isa = PBXFileReference; lastKnownFileType = text.plist.xml; path = Info.plist; sourceTree = "<group>"; };
		9684D4D31D394BA00037967E /* YellowVC.swift */ = {isa = PBXFileReference; fileEncoding = 4; lastKnownFileType = sourcecode.swift; path = YellowVC.swift; sourceTree = "<group>"; };
		9684D4D51D394D200037967E /* BlueVC.swift */ = {isa = PBXFileReference; fileEncoding = 4; lastKnownFileType = sourcecode.swift; path = BlueVC.swift; sourceTree = "<group>"; };
/* End PBXFileReference section */

/* Begin PBXFrameworksBuildPhase section */
		9684D4BB1D3949A90037967E /* Frameworks */ = {
			isa = PBXFrameworksBuildPhase;
			buildActionMask = 2147483647;
			files = (
			);
			runOnlyForDeploymentPostprocessing = 0;
		};
/* End PBXFrameworksBuildPhase section */

/* Begin PBXGroup section */
		9684D4B51D3949A90037967E = {
			isa = PBXGroup;
			children = (
				9684D4C01D3949A90037967E /* nav-controller */,
				9684D4BF1D3949A90037967E /* Products */,
			);
			sourceTree = "<group>";
		};
		9684D4BF1D3949A90037967E /* Products */ = {
			isa = PBXGroup;
			children = (
				9684D4BE1D3949A90037967E /* nav-controller.app */,
			);
			name = Products;
			sourceTree = "<group>";
		};
		9684D4C01D3949A90037967E /* nav-controller */ = {
			isa = PBXGroup;
			children = (
				9684D4C11D3949A90037967E /* AppDelegate.swift */,
				9684D4C31D3949A90037967E /* ViewController.swift */,
				9684D4D31D394BA00037967E /* YellowVC.swift */,
				9684D4D51D394D200037967E /* BlueVC.swift */,
				9684D4C51D3949A90037967E /* Main.storyboard */,
				9684D4C81D3949A90037967E /* Assets.xcassets */,
				9684D4CA1D3949A90037967E /* LaunchScreen.storyboard */,
				9684D4CD1D3949A90037967E /* Info.plist */,
			);
			path = "nav-controller";
			sourceTree = "<group>";
		};
/* End PBXGroup section */

/* Begin PBXNativeTarget section */
		9684D4BD1D3949A90037967E /* nav-controller */ = {
			isa = PBXNativeTarget;
			buildConfigurationList = 9684D4D01D3949A90037967E /* Build configuration list for PBXNativeTarget "nav-controller" */;
			buildPhases = (
				9684D4BA1D3949A90037967E /* Sources */,
				9684D4BB1D3949A90037967E /* Frameworks */,
				9684D4BC1D3949A90037967E /* Resources */,
			);
			buildRules = (
			);
			dependencies = (
			);
			name = "nav-controller";
			productName = "nav-controller";
			productReference = 9684D4BE1D3949A90037967E /* nav-controller.app */;
			productType = "com.apple.product-type.application";
		};
/* End PBXNativeTarget section */

/* Begin PBXProject section */
		9684D4B61D3949A90037967E /* Project object */ = {
			isa = PBXProject;
			attributes = {
				LastSwiftUpdateCheck = 0730;
				LastUpgradeCheck = 0730;
				ORGANIZATIONNAME = "Jim Veneskey";
				TargetAttributes = {
					9684D4BD1D3949A90037967E = {
						CreatedOnToolsVersion = 7.3.1;
					};
				};
			};
			buildConfigurationList = 9684D4B91D3949A90037967E /* Build configuration list for PBXProject "nav-controller" */;
			compatibilityVersion = "Xcode 3.2";
			developmentRegion = English;
			hasScannedForEncodings = 0;
			knownRegions = (
				en,
				Base,
			);
			mainGroup = 9684D4B51D3949A90037967E;
			productRefGroup = 9684D4BF1D3949A90037967E /* Products */;
			projectDirPath = "";
			projectRoot = "";
			targets = (
				9684D4BD1D3949A90037967E /* nav-controller */,
			);
		};
/* End PBXProject section */

/* Begin PBXResourcesBuildPhase section */
		9684D4BC1D3949A90037967E /* Resources */ = {
			isa = PBXResourcesBuildPhase;
			buildActionMask = 2147483647;
			files = (
				9684D4CC1D3949A90037967E /* LaunchScreen.storyboard in Resources */,
				9684D4C91D3949A90037967E /* Assets.xcassets in Resources */,
				9684D4C71D3949A90037967E /* Main.storyboard in Resources */,
			);
			runOnlyForDeploymentPostprocessing = 0;
		};
/* End PBXResourcesBuildPhase section */

/* Begin PBXSourcesBuildPhase section */
		9684D4BA1D3949A90037967E /* Sources */ = {
			isa = PBXSourcesBuildPhase;
			buildActionMask = 2147483647;
			files = (
				9684D4D61D394D200037967E /* BlueVC.swift in Sources */,
				9684D4C41D3949A90037967E /* ViewController.swift in Sources */,
				9684D4C21D3949A90037967E /* AppDelegate.swift in Sources */,
				9684D4D41D394BA00037967E /* YellowVC.swift in Sources */,
			);
			runOnlyForDeploymentPostprocessing = 0;
		};
/* End PBXSourcesBuildPhase section */

/* Begin PBXVariantGroup section */
		9684D4C51D3949A90037967E /* Main.storyboard */ = {
			isa = PBXVariantGroup;
			children = (
				9684D4C61D3949A90037967E /* Base */,
			);
			name = Main.storyboard;
			sourceTree = "<group>";
		};
		9684D4CA1D3949A90037967E /* LaunchScreen.storyboard */ = {
			isa = PBXVariantGroup;
			children = (
				9684D4CB1D3949A90037967E /* Base */,
			);
			name = LaunchScreen.storyboard;
			sourceTree = "<group>";
		};
/* End PBXVariantGroup section */

/* Begin XCBuildConfiguration section */
		9684D4CE1D3949A90037967E /* Debug */ = {
			isa = XCBuildConfiguration;
			buildSettings = {
				ALWAYS_SEARCH_USER_PATHS = NO;
				CLANG_ANALYZER_NONNULL = YES;
				CLANG_CXX_LANGUAGE_STANDARD = "gnu++0x";
				CLANG_CXX_LIBRARY = "libc++";
				CLANG_ENABLE_MODULES = YES;
				CLANG_ENABLE_OBJC_ARC = YES;
				CLANG_WARN_BOOL_CONVERSION = YES;
				CLANG_WARN_CONSTANT_CONVERSION = YES;
				CLANG_WARN_DIRECT_OBJC_ISA_USAGE = YES_ERROR;
				CLANG_WARN_EMPTY_BODY = YES;
				CLANG_WARN_ENUM_CONVERSION = YES;
				CLANG_WARN_INT_CONVERSION = YES;
				CLANG_WARN_OBJC_ROOT_CLASS = YES_ERROR;
				CLANG_WARN_UNREACHABLE_CODE = YES;
				CLANG_WARN__DUPLICATE_METHOD_MATCH = YES;
				"CODE_SIGN_IDENTITY[sdk=iphoneos*]" = "iPhone Developer";
				COPY_PHASE_STRIP = NO;
				DEBUG_INFORMATION_FORMAT = dwarf;
				ENABLE_STRICT_OBJC_MSGSEND = YES;
				ENABLE_TESTABILITY = YES;
				GCC_C_LANGUAGE_STANDARD = gnu99;
				GCC_DYNAMIC_NO_PIC = NO;
				GCC_NO_COMMON_BLOCKS = YES;
				GCC_OPTIMIZATION_LEVEL = 0;
				GCC_PREPROCESSOR_DEFINITIONS = (
					"DEBUG=1",
					"$(inherited)",
				);
				GCC_WARN_64_TO_32_BIT_CONVERSION = YES;
				GCC_WARN_ABOUT_RETURN_TYPE = YES_ERROR;
				GCC_WARN_UNDECLARED_SELECTOR = YES;
				GCC_WARN_UNINITIALIZED_AUTOS = YES_AGGRESSIVE;
				GCC_WARN_UNUSED_FUNCTION = YES;
				GCC_WARN_UNUSED_VARIABLE = YES;
				IPHONEOS_DEPLOYMENT_TARGET = 9.3;
				MTL_ENABLE_DEBUG_INFO = YES;
				ONLY_ACTIVE_ARCH = YES;
				SDKROOT = iphoneos;
				SWIFT_OPTIMIZATION_LEVEL = "-Onone";
				TARGETED_DEVICE_FAMILY = "1,2";
			};
			name = Debug;
		};
		9684D4CF1D3949A90037967E /* Release */ = {
			isa = XCBuildConfiguration;
			buildSettings = {
				ALWAYS_SEARCH_USER_PATHS = NO;
				CLANG_ANALYZER_NONNULL = YES;
				CLANG_CXX_LANGUAGE_STANDARD = "gnu++0x";
				CLANG_CXX_LIBRARY = "libc++";
				CLANG_ENABLE_MODULES = YES;
				CLANG_ENABLE_OBJC_ARC = YES;
				CLANG_WARN_BOOL_CONVERSION = YES;
				CLANG_WARN_CONSTANT_CONVERSION = YES;
				CLANG_WARN_DIRECT_OBJC_ISA_USAGE = YES_ERROR;
				CLANG_WARN_EMPTY_BODY = YES;
				CLANG_WARN_ENUM_CONVERSION = YES;
				CLANG_WARN_INT_CONVERSION = YES;
				CLANG_WARN_OBJC_ROOT_CLASS = YES_ERROR;
				CLANG_WARN_UNREACHABLE_CODE = YES;
				CLANG_WARN__DUPLICATE_METHOD_MATCH = YES;
				"CODE_SIGN_IDENTITY[sdk=iphoneos*]" = "iPhone Developer";
				COPY_PHASE_STRIP = NO;
				DEBUG_INFORMATION_FORMAT = "dwarf-with-dsym";
				ENABLE_NS_ASSERTIONS = NO;
				ENABLE_STRICT_OBJC_MSGSEND = YES;
				GCC_C_LANGUAGE_STANDARD = gnu99;
				GCC_NO_COMMON_BLOCKS = YES;
				GCC_WARN_64_TO_32_BIT_CONVERSION = YES;
				GCC_WARN_ABOUT_RETURN_TYPE = YES_ERROR;
				GCC_WARN_UNDECLARED_SELECTOR = YES;
				GCC_WARN_UNINITIALIZED_AUTOS = YES_AGGRESSIVE;
				GCC_WARN_UNUSED_FUNCTION = YES;
				GCC_WARN_UNUSED_VARIABLE = YES;
				IPHONEOS_DEPLOYMENT_TARGET = 9.3;
				MTL_ENABLE_DEBUG_INFO = NO;
				SDKROOT = iphoneos;
				TARGETED_DEVICE_FAMILY = "1,2";
				VALIDATE_PRODUCT = YES;
			};
			name = Release;
		};
		9684D4D11D3949A90037967E /* Debug */ = {
			isa = XCBuildConfiguration;
			buildSettings = {
				ASSETCATALOG_COMPILER_APPICON_NAME = AppIcon;
				INFOPLIST_FILE = "nav-controller/Info.plist";
				LD_RUNPATH_SEARCH_PATHS = "$(inherited) @executable_path/Frameworks";
				PRODUCT_BUNDLE_IDENTIFIER = "com.strifecrafter.nav-controller";
				PRODUCT_NAME = "$(TARGET_NAME)";
			};
			name = Debug;
		};
		9684D4D21D3949A90037967E /* Release */ = {
			isa = XCBuildConfiguration;
			buildSettings = {
				ASSETCATALOG_COMPILER_APPICON_NAME = AppIcon;
				INFOPLIST_FILE = "nav-controller/Info.plist";
				LD_RUNPATH_SEARCH_PATHS = "$(inherited) @executable_path/Frameworks";
				PRODUCT_BUNDLE_IDENTIFIER = "com.strifecrafter.nav-controller";
				PRODUCT_NAME = "$(TARGET_NAME)";
			};
			name = Release;
		};
/* End XCBuildConfiguration section */

/* Begin XCConfigurationList section */
		9684D4B91D3949A90037967E /* Build configuration list for PBXProject "nav-controller" */ = {
			isa = XCConfigurationList;
			buildConfigurations = (
				9684D4CE1D3949A90037967E /* Debug */,
				9684D4CF1D3949A90037967E /* Release */,
			);
			defaultConfigurationIsVisible = 0;
			defaultConfigurationName = Release;
		};
		9684D4D01D3949A90037967E /* Build configuration list for PBXNativeTarget "nav-controller" */ = {
			isa = XCConfigurationList;
			buildConfigurations = (
				9684D4D11D3949A90037967E /* Debug */,
				9684D4D21D3949A90037967E /* Release */,
			);
			defaultConfigurationIsVisible = 0;
		};
/* End XCConfigurationList section */
	};
	rootObject = 9684D4B61D3949A90037967E /* Project object */;
}
